// !$*UTF8*$!
{
	archiveVersion = 1;
	classes = {
	};
	objectVersion = 56;
	objects = {

/* Begin PBXBuildFile section */
		FA2CA92229BB1D5F0022E45B /* AppDelegate.swift in Sources */ = {isa = PBXBuildFile; fileRef = FA2CA92129BB1D5F0022E45B /* AppDelegate.swift */; };
		FA2CA92429BB1D5F0022E45B /* SceneDelegate.swift in Sources */ = {isa = PBXBuildFile; fileRef = FA2CA92329BB1D5F0022E45B /* SceneDelegate.swift */; };
		FA2CA92629BB1D5F0022E45B /* ViewController.swift in Sources */ = {isa = PBXBuildFile; fileRef = FA2CA92529BB1D5F0022E45B /* ViewController.swift */; };
		FA2CA92929BB1D5F0022E45B /* Main.storyboard in Resources */ = {isa = PBXBuildFile; fileRef = FA2CA92729BB1D5F0022E45B /* Main.storyboard */; };
		FA2CA92B29BB1D600022E45B /* Assets.xcassets in Resources */ = {isa = PBXBuildFile; fileRef = FA2CA92A29BB1D600022E45B /* Assets.xcassets */; };
		FA2CA92E29BB1D600022E45B /* LaunchScreen.storyboard in Resources */ = {isa = PBXBuildFile; fileRef = FA2CA92C29BB1D600022E45B /* LaunchScreen.storyboard */; };
		FA2CA93929BB1D600022E45B /* Localizable_iOSTests.swift in Sources */ = {isa = PBXBuildFile; fileRef = FA2CA93829BB1D600022E45B /* Localizable_iOSTests.swift */; };
		FA2CA94329BB1D600022E45B /* Localizable_iOSUITests.swift in Sources */ = {isa = PBXBuildFile; fileRef = FA2CA94229BB1D600022E45B /* Localizable_iOSUITests.swift */; };
		FA2CA94529BB1D600022E45B /* Localizable_iOSUITestsLaunchTests.swift in Sources */ = {isa = PBXBuildFile; fileRef = FA2CA94429BB1D600022E45B /* Localizable_iOSUITestsLaunchTests.swift */; };
		FA2CA95629BB1DD50022E45B /* Localizable.strings in Resources */ = {isa = PBXBuildFile; fileRef = FA2CA95829BB1DD50022E45B /* Localizable.strings */; };
		FA2CA95C29BB27340022E45B /* PickerModel.swift in Sources */ = {isa = PBXBuildFile; fileRef = FA2CA95B29BB27340022E45B /* PickerModel.swift */; };
/* End PBXBuildFile section */

/* Begin PBXContainerItemProxy section */
		FA2CA93529BB1D600022E45B /* PBXContainerItemProxy */ = {
			isa = PBXContainerItemProxy;
			containerPortal = FA2CA91629BB1D5E0022E45B /* Project object */;
			proxyType = 1;
			remoteGlobalIDString = FA2CA91D29BB1D5F0022E45B;
			remoteInfo = "Localizable-iOS";
		};
		FA2CA93F29BB1D600022E45B /* PBXContainerItemProxy */ = {
			isa = PBXContainerItemProxy;
			containerPortal = FA2CA91629BB1D5E0022E45B /* Project object */;
			proxyType = 1;
			remoteGlobalIDString = FA2CA91D29BB1D5F0022E45B;
			remoteInfo = "Localizable-iOS";
		};
/* End PBXContainerItemProxy section */

/* Begin PBXFileReference section */
		FA2CA91E29BB1D5F0022E45B /* Localizable-iOS.app */ = {isa = PBXFileReference; explicitFileType = wrapper.application; includeInIndex = 0; path = "Localizable-iOS.app"; sourceTree = BUILT_PRODUCTS_DIR; };
		FA2CA92129BB1D5F0022E45B /* AppDelegate.swift */ = {isa = PBXFileReference; lastKnownFileType = sourcecode.swift; path = AppDelegate.swift; sourceTree = "<group>"; };
		FA2CA92329BB1D5F0022E45B /* SceneDelegate.swift */ = {isa = PBXFileReference; lastKnownFileType = sourcecode.swift; path = SceneDelegate.swift; sourceTree = "<group>"; };
		FA2CA92529BB1D5F0022E45B /* ViewController.swift */ = {isa = PBXFileReference; lastKnownFileType = sourcecode.swift; path = ViewController.swift; sourceTree = "<group>"; };
		FA2CA92829BB1D5F0022E45B /* Base */ = {isa = PBXFileReference; lastKnownFileType = file.storyboard; name = Base; path = Base.lproj/Main.storyboard; sourceTree = "<group>"; };
		FA2CA92A29BB1D600022E45B /* Assets.xcassets */ = {isa = PBXFileReference; lastKnownFileType = folder.assetcatalog; path = Assets.xcassets; sourceTree = "<group>"; };
		FA2CA92D29BB1D600022E45B /* Base */ = {isa = PBXFileReference; lastKnownFileType = file.storyboard; name = Base; path = Base.lproj/LaunchScreen.storyboard; sourceTree = "<group>"; };
		FA2CA92F29BB1D600022E45B /* Info.plist */ = {isa = PBXFileReference; lastKnownFileType = text.plist.xml; path = Info.plist; sourceTree = "<group>"; };
		FA2CA93429BB1D600022E45B /* Localizable-iOSTests.xctest */ = {isa = PBXFileReference; explicitFileType = wrapper.cfbundle; includeInIndex = 0; path = "Localizable-iOSTests.xctest"; sourceTree = BUILT_PRODUCTS_DIR; };
		FA2CA93829BB1D600022E45B /* Localizable_iOSTests.swift */ = {isa = PBXFileReference; lastKnownFileType = sourcecode.swift; path = Localizable_iOSTests.swift; sourceTree = "<group>"; };
		FA2CA93E29BB1D600022E45B /* Localizable-iOSUITests.xctest */ = {isa = PBXFileReference; explicitFileType = wrapper.cfbundle; includeInIndex = 0; path = "Localizable-iOSUITests.xctest"; sourceTree = BUILT_PRODUCTS_DIR; };
		FA2CA94229BB1D600022E45B /* Localizable_iOSUITests.swift */ = {isa = PBXFileReference; lastKnownFileType = sourcecode.swift; path = Localizable_iOSUITests.swift; sourceTree = "<group>"; };
		FA2CA94429BB1D600022E45B /* Localizable_iOSUITestsLaunchTests.swift */ = {isa = PBXFileReference; lastKnownFileType = sourcecode.swift; path = Localizable_iOSUITestsLaunchTests.swift; sourceTree = "<group>"; };
		FA2CA95729BB1DD50022E45B /* en */ = {isa = PBXFileReference; lastKnownFileType = text.plist.strings; name = en; path = en.lproj/Localizable.strings; sourceTree = "<group>"; };
		FA2CA95929BB1DDF0022E45B /* vi */ = {isa = PBXFileReference; lastKnownFileType = text.plist.strings; name = vi; path = vi.lproj/Localizable.strings; sourceTree = "<group>"; };
		FA2CA95A29BB1DF90022E45B /* km */ = {isa = PBXFileReference; lastKnownFileType = text.plist.strings; name = km; path = km.lproj/Localizable.strings; sourceTree = "<group>"; };
		FA2CA95B29BB27340022E45B /* PickerModel.swift */ = {isa = PBXFileReference; lastKnownFileType = sourcecode.swift; path = PickerModel.swift; sourceTree = "<group>"; };
/* End PBXFileReference section */

/* Begin PBXFrameworksBuildPhase section */
		FA2CA91B29BB1D5F0022E45B /* Frameworks */ = {
			isa = PBXFrameworksBuildPhase;
			buildActionMask = 2147483647;
			files = (
			);
			runOnlyForDeploymentPostprocessing = 0;
		};
		FA2CA93129BB1D600022E45B /* Frameworks */ = {
			isa = PBXFrameworksBuildPhase;
			buildActionMask = 2147483647;
			files = (
			);
			runOnlyForDeploymentPostprocessing = 0;
		};
		FA2CA93B29BB1D600022E45B /* Frameworks */ = {
			isa = PBXFrameworksBuildPhase;
			buildActionMask = 2147483647;
			files = (
			);
			runOnlyForDeploymentPostprocessing = 0;
		};
/* End PBXFrameworksBuildPhase section */

/* Begin PBXGroup section */
		FA2CA91529BB1D5E0022E45B = {
			isa = PBXGroup;
			children = (
				FA2CA92029BB1D5F0022E45B /* Localizable-iOS */,
				FA2CA93729BB1D600022E45B /* Localizable-iOSTests */,
				FA2CA94129BB1D600022E45B /* Localizable-iOSUITests */,
				FA2CA91F29BB1D5F0022E45B /* Products */,
			);
			sourceTree = "<group>";
		};
		FA2CA91F29BB1D5F0022E45B /* Products */ = {
			isa = PBXGroup;
			children = (
				FA2CA91E29BB1D5F0022E45B /* Localizable-iOS.app */,
				FA2CA93429BB1D600022E45B /* Localizable-iOSTests.xctest */,
				FA2CA93E29BB1D600022E45B /* Localizable-iOSUITests.xctest */,
			);
			name = Products;
			sourceTree = "<group>";
		};
		FA2CA92029BB1D5F0022E45B /* Localizable-iOS */ = {
			isa = PBXGroup;
			children = (
				FA2CA92129BB1D5F0022E45B /* AppDelegate.swift */,
				FA2CA92329BB1D5F0022E45B /* SceneDelegate.swift */,
				FA2CA92529BB1D5F0022E45B /* ViewController.swift */,
				FA2CA95B29BB27340022E45B /* PickerModel.swift */,
				FA2CA92729BB1D5F0022E45B /* Main.storyboard */,
				FA2CA92A29BB1D600022E45B /* Assets.xcassets */,
				FA2CA92C29BB1D600022E45B /* LaunchScreen.storyboard */,
				FA2CA92F29BB1D600022E45B /* Info.plist */,
				FA2CA95829BB1DD50022E45B /* Localizable.strings */,
			);
			path = "Localizable-iOS";
			sourceTree = "<group>";
		};
		FA2CA93729BB1D600022E45B /* Localizable-iOSTests */ = {
			isa = PBXGroup;
			children = (
				FA2CA93829BB1D600022E45B /* Localizable_iOSTests.swift */,
			);
			path = "Localizable-iOSTests";
			sourceTree = "<group>";
		};
		FA2CA94129BB1D600022E45B /* Localizable-iOSUITests */ = {
			isa = PBXGroup;
			children = (
				FA2CA94229BB1D600022E45B /* Localizable_iOSUITests.swift */,
				FA2CA94429BB1D600022E45B /* Localizable_iOSUITestsLaunchTests.swift */,
			);
			path = "Localizable-iOSUITests";
			sourceTree = "<group>";
		};
/* End PBXGroup section */

/* Begin PBXNativeTarget section */
		FA2CA91D29BB1D5F0022E45B /* Localizable-iOS */ = {
			isa = PBXNativeTarget;
			buildConfigurationList = FA2CA94829BB1D600022E45B /* Build configuration list for PBXNativeTarget "Localizable-iOS" */;
			buildPhases = (
				FA2CA91A29BB1D5F0022E45B /* Sources */,
				FA2CA91B29BB1D5F0022E45B /* Frameworks */,
				FA2CA91C29BB1D5F0022E45B /* Resources */,
			);
			buildRules = (
			);
			dependencies = (
			);
			name = "Localizable-iOS";
			productName = "Localizable-iOS";
			productReference = FA2CA91E29BB1D5F0022E45B /* Localizable-iOS.app */;
			productType = "com.apple.product-type.application";
		};
		FA2CA93329BB1D600022E45B /* Localizable-iOSTests */ = {
			isa = PBXNativeTarget;
			buildConfigurationList = FA2CA94B29BB1D600022E45B /* Build configuration list for PBXNativeTarget "Localizable-iOSTests" */;
			buildPhases = (
				FA2CA93029BB1D600022E45B /* Sources */,
				FA2CA93129BB1D600022E45B /* Frameworks */,
				FA2CA93229BB1D600022E45B /* Resources */,
			);
			buildRules = (
			);
			dependencies = (
				FA2CA93629BB1D600022E45B /* PBXTargetDependency */,
			);
			name = "Localizable-iOSTests";
			productName = "Localizable-iOSTests";
			productReference = FA2CA93429BB1D600022E45B /* Localizable-iOSTests.xctest */;
			productType = "com.apple.product-type.bundle.unit-test";
		};
		FA2CA93D29BB1D600022E45B /* Localizable-iOSUITests */ = {
			isa = PBXNativeTarget;
			buildConfigurationList = FA2CA94E29BB1D600022E45B /* Build configuration list for PBXNativeTarget "Localizable-iOSUITests" */;
			buildPhases = (
				FA2CA93A29BB1D600022E45B /* Sources */,
				FA2CA93B29BB1D600022E45B /* Frameworks */,
				FA2CA93C29BB1D600022E45B /* Resources */,
			);
			buildRules = (
			);
			dependencies = (
				FA2CA94029BB1D600022E45B /* PBXTargetDependency */,
			);
			name = "Localizable-iOSUITests";
			productName = "Localizable-iOSUITests";
			productReference = FA2CA93E29BB1D600022E45B /* Localizable-iOSUITests.xctest */;
			productType = "com.apple.product-type.bundle.ui-testing";
		};
/* End PBXNativeTarget section */

/* Begin PBXProject section */
		FA2CA91629BB1D5E0022E45B /* Project object */ = {
			isa = PBXProject;
			attributes = {
				BuildIndependentTargetsInParallel = 1;
				LastSwiftUpdateCheck = 1420;
				LastUpgradeCheck = 1420;
				TargetAttributes = {
					FA2CA91D29BB1D5F0022E45B = {
						CreatedOnToolsVersion = 14.2;
					};
					FA2CA93329BB1D600022E45B = {
						CreatedOnToolsVersion = 14.2;
						TestTargetID = FA2CA91D29BB1D5F0022E45B;
					};
					FA2CA93D29BB1D600022E45B = {
						CreatedOnToolsVersion = 14.2;
						TestTargetID = FA2CA91D29BB1D5F0022E45B;
					};
				};
			};
			buildConfigurationList = FA2CA91929BB1D5E0022E45B /* Build configuration list for PBXProject "Localizable-iOS" */;
			compatibilityVersion = "Xcode 14.0";
			developmentRegion = en;
			hasScannedForEncodings = 0;
			knownRegions = (
				en,
				Base,
				vi,
				km,
			);
			mainGroup = FA2CA91529BB1D5E0022E45B;
			productRefGroup = FA2CA91F29BB1D5F0022E45B /* Products */;
			projectDirPath = "";
			projectRoot = "";
			targets = (
				FA2CA91D29BB1D5F0022E45B /* Localizable-iOS */,
				FA2CA93329BB1D600022E45B /* Localizable-iOSTests */,
				FA2CA93D29BB1D600022E45B /* Localizable-iOSUITests */,
			);
		};
/* End PBXProject section */

/* Begin PBXResourcesBuildPhase section */
		FA2CA91C29BB1D5F0022E45B /* Resources */ = {
			isa = PBXResourcesBuildPhase;
			buildActionMask = 2147483647;
			files = (
				FA2CA92E29BB1D600022E45B /* LaunchScreen.storyboard in Resources */,
				FA2CA95629BB1DD50022E45B /* Localizable.strings in Resources */,
				FA2CA92B29BB1D600022E45B /* Assets.xcassets in Resources */,
				FA2CA92929BB1D5F0022E45B /* Main.storyboard in Resources */,
			);
			runOnlyForDeploymentPostprocessing = 0;
		};
		FA2CA93229BB1D600022E45B /* Resources */ = {
			isa = PBXResourcesBuildPhase;
			buildActionMask = 2147483647;
			files = (
			);
			runOnlyForDeploymentPostprocessing = 0;
		};
		FA2CA93C29BB1D600022E45B /* Resources */ = {
			isa = PBXResourcesBuildPhase;
			buildActionMask = 2147483647;
			files = (
			);
			runOnlyForDeploymentPostprocessing = 0;
		};
/* End PBXResourcesBuildPhase section */

/* Begin PBXSourcesBuildPhase section */
		FA2CA91A29BB1D5F0022E45B /* Sources */ = {
			isa = PBXSourcesBuildPhase;
			buildActionMask = 2147483647;
			files = (
				FA2CA92629BB1D5F0022E45B /* ViewController.swift in Sources */,
				FA2CA92229BB1D5F0022E45B /* AppDelegate.swift in Sources */,
				FA2CA92429BB1D5F0022E45B /* SceneDelegate.swift in Sources */,
				FA2CA95C29BB27340022E45B /* PickerModel.swift in Sources */,
			);
			runOnlyForDeploymentPostprocessing = 0;
		};
		FA2CA93029BB1D600022E45B /* Sources */ = {
			isa = PBXSourcesBuildPhase;
			buildActionMask = 2147483647;
			files = (
				FA2CA93929BB1D600022E45B /* Localizable_iOSTests.swift in Sources */,
			);
			runOnlyForDeploymentPostprocessing = 0;
		};
		FA2CA93A29BB1D600022E45B /* Sources */ = {
			isa = PBXSourcesBuildPhase;
			buildActionMask = 2147483647;
			files = (
				FA2CA94329BB1D600022E45B /* Localizable_iOSUITests.swift in Sources */,
				FA2CA94529BB1D600022E45B /* Localizable_iOSUITestsLaunchTests.swift in Sources */,
			);
			runOnlyForDeploymentPostprocessing = 0;
		};
/* End PBXSourcesBuildPhase section */

/* Begin PBXTargetDependency section */
		FA2CA93629BB1D600022E45B /* PBXTargetDependency */ = {
			isa = PBXTargetDependency;
			target = FA2CA91D29BB1D5F0022E45B /* Localizable-iOS */;
			targetProxy = FA2CA93529BB1D600022E45B /* PBXContainerItemProxy */;
		};
		FA2CA94029BB1D600022E45B /* PBXTargetDependency */ = {
			isa = PBXTargetDependency;
			target = FA2CA91D29BB1D5F0022E45B /* Localizable-iOS */;
			targetProxy = FA2CA93F29BB1D600022E45B /* PBXContainerItemProxy */;
		};
/* End PBXTargetDependency section */

/* Begin PBXVariantGroup section */
		FA2CA92729BB1D5F0022E45B /* Main.storyboard */ = {
			isa = PBXVariantGroup;
			children = (
				FA2CA92829BB1D5F0022E45B /* Base */,
			);
			name = Main.storyboard;
			sourceTree = "<group>";
		};
		FA2CA92C29BB1D600022E45B /* LaunchScreen.storyboard */ = {
			isa = PBXVariantGroup;
			children = (
				FA2CA92D29BB1D600022E45B /* Base */,
			);
			name = LaunchScreen.storyboard;
			sourceTree = "<group>";
		};
		FA2CA95829BB1DD50022E45B /* Localizable.strings */ = {
			isa = PBXVariantGroup;
			children = (
				FA2CA95729BB1DD50022E45B /* en */,
				FA2CA95929BB1DDF0022E45B /* vi */,
				FA2CA95A29BB1DF90022E45B /* km */,
			);
			name = Localizable.strings;
			sourceTree = "<group>";
		};
/* End PBXVariantGroup section */

/* Begin XCBuildConfiguration section */
		FA2CA94629BB1D600022E45B /* Debug */ = {
			isa = XCBuildConfiguration;
			buildSettings = {
				ALWAYS_SEARCH_USER_PATHS = NO;
				CLANG_ANALYZER_LOCALIZABILITY_NONLOCALIZED = YES;
				CLANG_ANALYZER_NONNULL = YES;
				CLANG_ANALYZER_NUMBER_OBJECT_CONVERSION = YES_AGGRESSIVE;
				CLANG_CXX_LANGUAGE_STANDARD = "gnu++20";
				CLANG_ENABLE_MODULES = YES;
				CLANG_ENABLE_OBJC_ARC = YES;
				CLANG_ENABLE_OBJC_WEAK = YES;
				CLANG_WARN_BLOCK_CAPTURE_AUTORELEASING = YES;
				CLANG_WARN_BOOL_CONVERSION = YES;
				CLANG_WARN_COMMA = YES;
				CLANG_WARN_CONSTANT_CONVERSION = YES;
				CLANG_WARN_DEPRECATED_OBJC_IMPLEMENTATIONS = YES;
				CLANG_WARN_DIRECT_OBJC_ISA_USAGE = YES_ERROR;
				CLANG_WARN_DOCUMENTATION_COMMENTS = YES;
				CLANG_WARN_EMPTY_BODY = YES;
				CLANG_WARN_ENUM_CONVERSION = YES;
				CLANG_WARN_INFINITE_RECURSION = YES;
				CLANG_WARN_INT_CONVERSION = YES;
				CLANG_WARN_NON_LITERAL_NULL_CONVERSION = YES;
				CLANG_WARN_OBJC_IMPLICIT_RETAIN_SELF = YES;
				CLANG_WARN_OBJC_LITERAL_CONVERSION = YES;
				CLANG_WARN_OBJC_ROOT_CLASS = YES_ERROR;
				CLANG_WARN_QUOTED_INCLUDE_IN_FRAMEWORK_HEADER = YES;
				CLANG_WARN_RANGE_LOOP_ANALYSIS = YES;
				CLANG_WARN_STRICT_PROTOTYPES = YES;
				CLANG_WARN_SUSPICIOUS_MOVE = YES;
				CLANG_WARN_UNGUARDED_AVAILABILITY = YES_AGGRESSIVE;
				CLANG_WARN_UNREACHABLE_CODE = YES;
				CLANG_WARN__DUPLICATE_METHOD_MATCH = YES;
				COPY_PHASE_STRIP = NO;
				DEBUG_INFORMATION_FORMAT = dwarf;
				ENABLE_STRICT_OBJC_MSGSEND = YES;
				ENABLE_TESTABILITY = YES;
				GCC_C_LANGUAGE_STANDARD = gnu11;
				GCC_DYNAMIC_NO_PIC = NO;
				GCC_NO_COMMON_BLOCKS = YES;
				GCC_OPTIMIZATION_LEVEL = 0;
				GCC_PREPROCESSOR_DEFINITIONS = (
					"DEBUG=1",
					"$(inherited)",
				);
				GCC_WARN_64_TO_32_BIT_CONVERSION = YES;
				GCC_WARN_ABOUT_RETURN_TYPE = YES_ERROR;
				GCC_WARN_UNDECLARED_SELECTOR = YES;
				GCC_WARN_UNINITIALIZED_AUTOS = YES_AGGRESSIVE;
				GCC_WARN_UNUSED_FUNCTION = YES;
				GCC_WARN_UNUSED_VARIABLE = YES;
				IPHONEOS_DEPLOYMENT_TARGET = 16.2;
				MTL_ENABLE_DEBUG_INFO = INCLUDE_SOURCE;
				MTL_FAST_MATH = YES;
				ONLY_ACTIVE_ARCH = YES;
				SDKROOT = iphoneos;
				SWIFT_ACTIVE_COMPILATION_CONDITIONS = DEBUG;
				SWIFT_OPTIMIZATION_LEVEL = "-Onone";
			};
			name = Debug;
		};
		FA2CA94729BB1D600022E45B /* Release */ = {
			isa = XCBuildConfiguration;
			buildSettings = {
				ALWAYS_SEARCH_USER_PATHS = NO;
				CLANG_ANALYZER_LOCALIZABILITY_NONLOCALIZED = YES;
				CLANG_ANALYZER_NONNULL = YES;
				CLANG_ANALYZER_NUMBER_OBJECT_CONVERSION = YES_AGGRESSIVE;
				CLANG_CXX_LANGUAGE_STANDARD = "gnu++20";
				CLANG_ENABLE_MODULES = YES;
				CLANG_ENABLE_OBJC_ARC = YES;
				CLANG_ENABLE_OBJC_WEAK = YES;
				CLANG_WARN_BLOCK_CAPTURE_AUTORELEASING = YES;
				CLANG_WARN_BOOL_CONVERSION = YES;
				CLANG_WARN_COMMA = YES;
				CLANG_WARN_CONSTANT_CONVERSION = YES;
				CLANG_WARN_DEPRECATED_OBJC_IMPLEMENTATIONS = YES;
				CLANG_WARN_DIRECT_OBJC_ISA_USAGE = YES_ERROR;
				CLANG_WARN_DOCUMENTATION_COMMENTS = YES;
				CLANG_WARN_EMPTY_BODY = YES;
				CLANG_WARN_ENUM_CONVERSION = YES;
				CLANG_WARN_INFINITE_RECURSION = YES;
				CLANG_WARN_INT_CONVERSION = YES;
				CLANG_WARN_NON_LITERAL_NULL_CONVERSION = YES;
				CLANG_WARN_OBJC_IMPLICIT_RETAIN_SELF = YES;
				CLANG_WARN_OBJC_LITERAL_CONVERSION = YES;
				CLANG_WARN_OBJC_ROOT_CLASS = YES_ERROR;
				CLANG_WARN_QUOTED_INCLUDE_IN_FRAMEWORK_HEADER = YES;
				CLANG_WARN_RANGE_LOOP_ANALYSIS = YES;
				CLANG_WARN_STRICT_PROTOTYPES = YES;
				CLANG_WARN_SUSPICIOUS_MOVE = YES;
				CLANG_WARN_UNGUARDED_AVAILABILITY = YES_AGGRESSIVE;
				CLANG_WARN_UNREACHABLE_CODE = YES;
				CLANG_WARN__DUPLICATE_METHOD_MATCH = YES;
				COPY_PHASE_STRIP = NO;
				DEBUG_INFORMATION_FORMAT = "dwarf-with-dsym";
				ENABLE_NS_ASSERTIONS = NO;
				ENABLE_STRICT_OBJC_MSGSEND = YES;
				GCC_C_LANGUAGE_STANDARD = gnu11;
				GCC_NO_COMMON_BLOCKS = YES;
				GCC_WARN_64_TO_32_BIT_CONVERSION = YES;
				GCC_WARN_ABOUT_RETURN_TYPE = YES_ERROR;
				GCC_WARN_UNDECLARED_SELECTOR = YES;
				GCC_WARN_UNINITIALIZED_AUTOS = YES_AGGRESSIVE;
				GCC_WARN_UNUSED_FUNCTION = YES;
				GCC_WARN_UNUSED_VARIABLE = YES;
				IPHONEOS_DEPLOYMENT_TARGET = 16.2;
				MTL_ENABLE_DEBUG_INFO = NO;
				MTL_FAST_MATH = YES;
				SDKROOT = iphoneos;
				SWIFT_COMPILATION_MODE = wholemodule;
				SWIFT_OPTIMIZATION_LEVEL = "-O";
				VALIDATE_PRODUCT = YES;
			};
			name = Release;
		};
		FA2CA94929BB1D600022E45B /* Debug */ = {
			isa = XCBuildConfiguration;
			buildSettings = {
				ASSETCATALOG_COMPILER_APPICON_NAME = AppIcon;
				ASSETCATALOG_COMPILER_GLOBAL_ACCENT_COLOR_NAME = AccentColor;
				CODE_SIGN_STYLE = Automatic;
				CURRENT_PROJECT_VERSION = 1;
				DEVELOPMENT_TEAM = V2ZH89V9YY;
				GENERATE_INFOPLIST_FILE = YES;
				INFOPLIST_FILE = "Localizable-iOS/Info.plist";
				INFOPLIST_KEY_UIApplicationSupportsIndirectInputEvents = YES;
				INFOPLIST_KEY_UILaunchStoryboardName = LaunchScreen;
				INFOPLIST_KEY_UIMainStoryboardFile = Main;
				INFOPLIST_KEY_UISupportedInterfaceOrientations_iPad = "UIInterfaceOrientationPortrait UIInterfaceOrientationPortraitUpsideDown UIInterfaceOrientationLandscapeLeft UIInterfaceOrientationLandscapeRight";
				INFOPLIST_KEY_UISupportedInterfaceOrientations_iPhone = "UIInterfaceOrientationPortrait UIInterfaceOrientationLandscapeLeft UIInterfaceOrientationLandscapeRight";
				LD_RUNPATH_SEARCH_PATHS = (
					"$(inherited)",
					"@executable_path/Frameworks",
				);
				MARKETING_VERSION = 1.0;
				PRODUCT_BUNDLE_IDENTIFIER = "Localizable-iOS.Localizable-iOS";
				PRODUCT_NAME = "$(TARGET_NAME)";
				SWIFT_EMIT_LOC_STRINGS = YES;
				SWIFT_VERSION = 5.0;
				TARGETED_DEVICE_FAMILY = "1,2";
			};
			name = Debug;
		};
		FA2CA94A29BB1D600022E45B /* Release */ = {
			isa = XCBuildConfiguration;
			buildSettings = {
				ASSETCATALOG_COMPILER_APPICON_NAME = AppIcon;
				ASSETCATALOG_COMPILER_GLOBAL_ACCENT_COLOR_NAME = AccentColor;
				CODE_SIGN_STYLE = Automatic;
				CURRENT_PROJECT_VERSION = 1;
				DEVELOPMENT_TEAM = V2ZH89V9YY;
				GENERATE_INFOPLIST_FILE = YES;
				INFOPLIST_FILE = "Localizable-iOS/Info.plist";
				INFOPLIST_KEY_UIApplicationSupportsIndirectInputEvents = YES;
				INFOPLIST_KEY_UILaunchStoryboardName = LaunchScreen;
				INFOPLIST_KEY_UIMainStoryboardFile = Main;
				INFOPLIST_KEY_UISupportedInterfaceOrientations_iPad = "UIInterfaceOrientationPortrait UIInterfaceOrientationPortraitUpsideDown UIInterfaceOrientationLandscapeLeft UIInterfaceOrientationLandscapeRight";
				INFOPLIST_KEY_UISupportedInterfaceOrientations_iPhone = "UIInterfaceOrientationPortrait UIInterfaceOrientationLandscapeLeft UIInterfaceOrientationLandscapeRight";
				LD_RUNPATH_SEARCH_PATHS = (
					"$(inherited)",
					"@executable_path/Frameworks",
				);
				MARKETING_VERSION = 1.0;
				PRODUCT_BUNDLE_IDENTIFIER = "Localizable-iOS.Localizable-iOS";
				PRODUCT_NAME = "$(TARGET_NAME)";
				SWIFT_EMIT_LOC_STRINGS = YES;
				SWIFT_VERSION = 5.0;
				TARGETED_DEVICE_FAMILY = "1,2";
			};
			name = Release;
		};
		FA2CA94C29BB1D600022E45B /* Debug */ = {
			isa = XCBuildConfiguration;
			buildSettings = {
				ALWAYS_EMBED_SWIFT_STANDARD_LIBRARIES = YES;
				BUNDLE_LOADER = "$(TEST_HOST)";
				CODE_SIGN_STYLE = Automatic;
				CURRENT_PROJECT_VERSION = 1;
				DEVELOPMENT_TEAM = V2ZH89V9YY;
				GENERATE_INFOPLIST_FILE = YES;
				IPHONEOS_DEPLOYMENT_TARGET = 16.2;
				MARKETING_VERSION = 1.0;
				PRODUCT_BUNDLE_IDENTIFIER = "Localizable-iOS.Localizable-iOSTests";
				PRODUCT_NAME = "$(TARGET_NAME)";
				SWIFT_EMIT_LOC_STRINGS = NO;
				SWIFT_VERSION = 5.0;
				TARGETED_DEVICE_FAMILY = "1,2";
				TEST_HOST = "$(BUILT_PRODUCTS_DIR)/Localizable-iOS.app/$(BUNDLE_EXECUTABLE_FOLDER_PATH)/Localizable-iOS";
			};
			name = Debug;
		};
		FA2CA94D29BB1D600022E45B /* Release */ = {
			isa = XCBuildConfiguration;
			buildSettings = {
				ALWAYS_EMBED_SWIFT_STANDARD_LIBRARIES = YES;
				BUNDLE_LOADER = "$(TEST_HOST)";
				CODE_SIGN_STYLE = Automatic;
				CURRENT_PROJECT_VERSION = 1;
				DEVELOPMENT_TEAM = V2ZH89V9YY;
				GENERATE_INFOPLIST_FILE = YES;
				IPHONEOS_DEPLOYMENT_TARGET = 16.2;
				MARKETING_VERSION = 1.0;
				PRODUCT_BUNDLE_IDENTIFIER = "Localizable-iOS.Localizable-iOSTests";
				PRODUCT_NAME = "$(TARGET_NAME)";
				SWIFT_EMIT_LOC_STRINGS = NO;
				SWIFT_VERSION = 5.0;
				TARGETED_DEVICE_FAMILY = "1,2";
				TEST_HOST = "$(BUILT_PRODUCTS_DIR)/Localizable-iOS.app/$(BUNDLE_EXECUTABLE_FOLDER_PATH)/Localizable-iOS";
			};
			name = Release;
		};
		FA2CA94F29BB1D600022E45B /* Debug */ = {
			isa = XCBuildConfiguration;
			buildSettings = {
				ALWAYS_EMBED_SWIFT_STANDARD_LIBRARIES = YES;
				CODE_SIGN_STYLE = Automatic;
				CURRENT_PROJECT_VERSION = 1;
				DEVELOPMENT_TEAM = V2ZH89V9YY;
				GENERATE_INFOPLIST_FILE = YES;
				MARKETING_VERSION = 1.0;
				PRODUCT_BUNDLE_IDENTIFIER = "Localizable-iOS.Localizable-iOSUITests";
				PRODUCT_NAME = "$(TARGET_NAME)";
				SWIFT_EMIT_LOC_STRINGS = NO;
				SWIFT_VERSION = 5.0;
				TARGETED_DEVICE_FAMILY = "1,2";
				TEST_TARGET_NAME = "Localizable-iOS";
			};
			name = Debug;
		};
		FA2CA95029BB1D600022E45B /* Release */ = {
			isa = XCBuildConfiguration;
			buildSettings = {
				ALWAYS_EMBED_SWIFT_STANDARD_LIBRARIES = YES;
				CODE_SIGN_STYLE = Automatic;
				CURRENT_PROJECT_VERSION = 1;
				DEVELOPMENT_TEAM = V2ZH89V9YY;
				GENERATE_INFOPLIST_FILE = YES;
				MARKETING_VERSION = 1.0;
				PRODUCT_BUNDLE_IDENTIFIER = "Localizable-iOS.Localizable-iOSUITests";
				PRODUCT_NAME = "$(TARGET_NAME)";
				SWIFT_EMIT_LOC_STRINGS = NO;
				SWIFT_VERSION = 5.0;
				TARGETED_DEVICE_FAMILY = "1,2";
				TEST_TARGET_NAME = "Localizable-iOS";
			};
			name = Release;
		};
/* End XCBuildConfiguration section */

/* Begin XCConfigurationList section */
		FA2CA91929BB1D5E0022E45B /* Build configuration list for PBXProject "Localizable-iOS" */ = {
			isa = XCConfigurationList;
			buildConfigurations = (
				FA2CA94629BB1D600022E45B /* Debug */,
				FA2CA94729BB1D600022E45B /* Release */,
			);
			defaultConfigurationIsVisible = 0;
			defaultConfigurationName = Release;
		};
		FA2CA94829BB1D600022E45B /* Build configuration list for PBXNativeTarget "Localizable-iOS" */ = {
			isa = XCConfigurationList;
			buildConfigurations = (
				FA2CA94929BB1D600022E45B /* Debug */,
				FA2CA94A29BB1D600022E45B /* Release */,
			);
			defaultConfigurationIsVisible = 0;
			defaultConfigurationName = Release;
		};
		FA2CA94B29BB1D600022E45B /* Build configuration list for PBXNativeTarget "Localizable-iOSTests" */ = {
			isa = XCConfigurationList;
			buildConfigurations = (
				FA2CA94C29BB1D600022E45B /* Debug */,
				FA2CA94D29BB1D600022E45B /* Release */,
			);
			defaultConfigurationIsVisible = 0;
			defaultConfigurationName = Release;
		};
		FA2CA94E29BB1D600022E45B /* Build configuration list for PBXNativeTarget "Localizable-iOSUITests" */ = {
			isa = XCConfigurationList;
			buildConfigurations = (
				FA2CA94F29BB1D600022E45B /* Debug */,
				FA2CA95029BB1D600022E45B /* Release */,
			);
			defaultConfigurationIsVisible = 0;
			defaultConfigurationName = Release;
		};
/* End XCConfigurationList section */
	};
	rootObject = FA2CA91629BB1D5E0022E45B /* Project object */;
}
